Microsoft Visual Studio Solution File, Format Version 12.00
# Visual Studio Version 17
VisualStudioVersion = 17.5.2.0
MinimumVisualStudioVersion = 10.0.40219.1
Project("{2150E333-8FDC-42A3-9474-1A3956D46DE8}") = "ServidorCSharp", "ServidorCSharp", "{987FA56F-0824-814B-F50B-8888BEC35A9A}"
EndProject
Project("{FAE04EC0-301F-11D3-BF4B-00C04F79EFBC}") = "ServidorCS", "ServidorCSharp\ServidorCS.csproj", "{44C9EF4A-0CD4-B603-C953-6C8C7B39253F}"
EndProject
Global
	GlobalSection(SolutionConfigurationPlatforms) = preSolution
		Debug|Any CPU = Debug|Any CPU
		Release|Any CPU = Release|Any CPU
	EndGlobalSection
	GlobalSection(ProjectConfigurationPlatforms) = postSolution
		{44C9EF4A-0CD4-B603-C953-6C8C7B39253F}.Debug|Any CPU.ActiveCfg = Debug|Any CPU
		{44C9EF4A-0CD4-B603-C953-6C8C7B39253F}.Debug|Any CPU.Build.0 = Debug|Any CPU
		{44C9EF4A-0CD4-B603-C953-6C8C7B39253F}.Release|Any CPU.ActiveCfg = Release|Any CPU
		{44C9EF4A-0CD4-B603-C953-6C8C7B39253F}.Release|Any CPU.Build.0 = Release|Any CPU
	EndGlobalSection
	GlobalSection(SolutionProperties) = preSolution
		HideSolutionNode = FALSE
	EndGlobalSection
	GlobalSection(NestedProjects) = preSolution
		{44C9EF4A-0CD4-B603-C953-6C8C7B39253F} = {987FA56F-0824-814B-F50B-8888BEC35A9A}
	EndGlobalSection
	GlobalSection(ExtensibilityGlobals) = postSolution
		SolutionGuid = {88261CF8-A892-4EA1-A87D-3D3E45FAD199}
	EndGlobalSection
EndGlobal
